
Microsoft Visual Studio Solution File, Format Version 12.00
# Visual Studio Version 16
VisualStudioVersion = 16.0.30611.23
MinimumVisualStudioVersion = 10.0.40219.1
Project("{FAE04EC0-301F-11D3-BF4B-00C04F79EFBC}") = "SMILE_XNC", "SMILE_XNC\SMILE_XNC.csproj", "{3CA1D719-C350-4719-99C3-9B97D598F608}"
EndProject
Global
	GlobalSection(SolutionConfigurationPlatforms) = preSolution
		Debug|Any CPU = Debug|Any CPU
		Release|Any CPU = Release|Any CPU
	EndGlobalSection
	GlobalSection(ProjectConfigurationPlatforms) = postSolution
		{3CA1D719-C350-4719-99C3-9B97D598F608}.Debug|Any CPU.ActiveCfg = Debug|Any CPU
		{3CA1D719-C350-4719-99C3-9B97D598F608}.Debug|Any CPU.Build.0 = Debug|Any CPU
		{3CA1D719-C350-4719-99C3-9B97D598F608}.Release|Any CPU.ActiveCfg = Release|Any CPU
		{3CA1D719-C350-4719-99C3-9B97D598F608}.Release|Any CPU.Build.0 = Release|Any CPU
	EndGlobalSection
	GlobalSection(SolutionProperties) = preSolution
		HideSolutionNode = FALSE
	EndGlobalSection
	GlobalSection(ExtensibilityGlobals) = postSolution
		SolutionGuid = {FA90902F-89B3-4130-99D0-59AC287DE9A6}
	EndGlobalSection
EndGlobal
